
Microsoft Visual Studio Solution File, Format Version 12.00
# Visual Studio Version 16
VisualStudioVersion = 16.0.31112.23
MinimumVisualStudioVersion = 10.0.40219.1
Project("{9A19103F-16F7-4668-BE54-9A1E7A4F7556}") = "FinanzasPersonalesProyectoFinal", "FinanzasPersonalesProyectoFinal.csproj", "{D71C00EB-B6DC-4BE2-A397-A1B16AFBC906}"
EndProject
Project("{9A19103F-16F7-4668-BE54-9A1E7A4F7556}") = "FinanzasPersonalesProyectoFinalTests", "..\FinanzasPersonalesProyectoFinalTests\FinanzasPersonalesProyectoFinalTests.csproj", "{7AC615B5-5C77-4FB9-81FC-B87C1DD144CB}"
EndProject
Project("{9A19103F-16F7-4668-BE54-9A1E7A4F7556}") = "FinanzasPersonalesProyectoFinalTests1", "..\FinanzasPersonalesProyectoFinalTests1\FinanzasPersonalesProyectoFinalTests1.csproj", "{242382B5-E38E-43A6-8F0D-2202A186AD04}"
EndProject
Project("{9A19103F-16F7-4668-BE54-9A1E7A4F7556}") = "FinanzasPersonalesProyectoFinalTests2", "..\FinanzasPersonalesProyectoFinalTests2\FinanzasPersonalesProyectoFinalTests2.csproj", "{5704EDD5-755B-4A5C-B4C6-88CBD8DA8026}"
EndProject
Project("{9A19103F-16F7-4668-BE54-9A1E7A4F7556}") = "FinanzasPersonalesProyectoFinalTests3", "..\FinanzasPersonalesProyectoFinalTests3\FinanzasPersonalesProyectoFinalTests3.csproj", "{6E9F6E90-75F2-4A23-8DFF-98F6882EEFA5}"
EndProject
Project("{9A19103F-16F7-4668-BE54-9A1E7A4F7556}") = "FinanzasPersonalesProyectoFinalTests4", "..\FinanzasPersonalesProyectoFinalTests4\FinanzasPersonalesProyectoFinalTests4.csproj", "{717A3770-A393-4D68-842E-04AEF57F744B}"
EndProject
Project("{9A19103F-16F7-4668-BE54-9A1E7A4F7556}") = "FinanzasPersonalesProyectoFinalTests5", "..\FinanzasPersonalesProyectoFinalTests5\FinanzasPersonalesProyectoFinalTests5.csproj", "{D18DB1C0-8E21-4235-BB1C-AF65940DDD70}"
EndProject
Project("{9A19103F-16F7-4668-BE54-9A1E7A4F7556}") = "FinanzasPersonalesProyectoFinalTests6", "..\FinanzasPersonalesProyectoFinalTests6\FinanzasPersonalesProyectoFinalTests6.csproj", "{B23F6AA1-3648-48F0-9492-376A01CBDCA6}"
EndProject
Project("{2150E333-8FDC-42A3-9474-1A3956D46DE8}") = "Tests", "Tests", "{C8371C65-B3CA-4654-B064-AF37FD180B64}"
EndProject
Project("{FAE04EC0-301F-11D3-BF4B-00C04F79EFBC}") = "FinanzasPersonalesProyectoFinalTests7", "..\FinanzasPersonalesProyectoFinalTests7\FinanzasPersonalesProyectoFinalTests7.csproj", "{7DC70D0F-2DF8-4EC8-BBC2-A1017A2B5525}"
EndProject
Global
	GlobalSection(SolutionConfigurationPlatforms) = preSolution
		Debug|Any CPU = Debug|Any CPU
		Release|Any CPU = Release|Any CPU
	EndGlobalSection
	GlobalSection(ProjectConfigurationPlatforms) = postSolution
		{D71C00EB-B6DC-4BE2-A397-A1B16AFBC906}.Debug|Any CPU.ActiveCfg = Debug|Any CPU
		{D71C00EB-B6DC-4BE2-A397-A1B16AFBC906}.Debug|Any CPU.Build.0 = Debug|Any CPU
		{D71C00EB-B6DC-4BE2-A397-A1B16AFBC906}.Release|Any CPU.ActiveCfg = Release|Any CPU
		{D71C00EB-B6DC-4BE2-A397-A1B16AFBC906}.Release|Any CPU.Build.0 = Release|Any CPU
		{7AC615B5-5C77-4FB9-81FC-B87C1DD144CB}.Debug|Any CPU.ActiveCfg = Debug|Any CPU
		{7AC615B5-5C77-4FB9-81FC-B87C1DD144CB}.Debug|Any CPU.Build.0 = Debug|Any CPU
		{7AC615B5-5C77-4FB9-81FC-B87C1DD144CB}.Release|Any CPU.ActiveCfg = Release|Any CPU
		{7AC615B5-5C77-4FB9-81FC-B87C1DD144CB}.Release|Any CPU.Build.0 = Release|Any CPU
		{242382B5-E38E-43A6-8F0D-2202A186AD04}.Debug|Any CPU.ActiveCfg = Debug|Any CPU
		{242382B5-E38E-43A6-8F0D-2202A186AD04}.Debug|Any CPU.Build.0 = Debug|Any CPU
		{242382B5-E38E-43A6-8F0D-2202A186AD04}.Release|Any CPU.ActiveCfg = Release|Any CPU
		{242382B5-E38E-43A6-8F0D-2202A186AD04}.Release|Any CPU.Build.0 = Release|Any CPU
		{5704EDD5-755B-4A5C-B4C6-88CBD8DA8026}.Debug|Any CPU.ActiveCfg = Debug|Any CPU
		{5704EDD5-755B-4A5C-B4C6-88CBD8DA8026}.Debug|Any CPU.Build.0 = Debug|Any CPU
		{5704EDD5-755B-4A5C-B4C6-88CBD8DA8026}.Release|Any CPU.ActiveCfg = Release|Any CPU
		{5704EDD5-755B-4A5C-B4C6-88CBD8DA8026}.Release|Any CPU.Build.0 = Release|Any CPU
		{6E9F6E90-75F2-4A23-8DFF-98F6882EEFA5}.Debug|Any CPU.ActiveCfg = Debug|Any CPU
		{6E9F6E90-75F2-4A23-8DFF-98F6882EEFA5}.Debug|Any CPU.Build.0 = Debug|Any CPU
		{6E9F6E90-75F2-4A23-8DFF-98F6882EEFA5}.Release|Any CPU.ActiveCfg = Release|Any CPU
		{6E9F6E90-75F2-4A23-8DFF-98F6882EEFA5}.Release|Any CPU.Build.0 = Release|Any CPU
		{717A3770-A393-4D68-842E-04AEF57F744B}.Debug|Any CPU.ActiveCfg = Debug|Any CPU
		{717A3770-A393-4D68-842E-04AEF57F744B}.Debug|Any CPU.Build.0 = Debug|Any CPU
		{717A3770-A393-4D68-842E-04AEF57F744B}.Release|Any CPU.ActiveCfg = Release|Any CPU
		{717A3770-A393-4D68-842E-04AEF57F744B}.Release|Any CPU.Build.0 = Release|Any CPU
		{D18DB1C0-8E21-4235-BB1C-AF65940DDD70}.Debug|Any CPU.ActiveCfg = Debug|Any CPU
		{D18DB1C0-8E21-4235-BB1C-AF65940DDD70}.Debug|Any CPU.Build.0 = Debug|Any CPU
		{D18DB1C0-8E21-4235-BB1C-AF65940DDD70}.Release|Any CPU.ActiveCfg = Release|Any CPU
		{D18DB1C0-8E21-4235-BB1C-AF65940DDD70}.Release|Any CPU.Build.0 = Release|Any CPU
		{B23F6AA1-3648-48F0-9492-376A01CBDCA6}.Debug|Any CPU.ActiveCfg = Debug|Any CPU
		{B23F6AA1-3648-48F0-9492-376A01CBDCA6}.Debug|Any CPU.Build.0 = Debug|Any CPU
		{B23F6AA1-3648-48F0-9492-376A01CBDCA6}.Release|Any CPU.ActiveCfg = Release|Any CPU
		{B23F6AA1-3648-48F0-9492-376A01CBDCA6}.Release|Any CPU.Build.0 = Release|Any CPU
		{7DC70D0F-2DF8-4EC8-BBC2-A1017A2B5525}.Debug|Any CPU.ActiveCfg = Debug|Any CPU
		{7DC70D0F-2DF8-4EC8-BBC2-A1017A2B5525}.Debug|Any CPU.Build.0 = Debug|Any CPU
		{7DC70D0F-2DF8-4EC8-BBC2-A1017A2B5525}.Release|Any CPU.ActiveCfg = Release|Any CPU
		{7DC70D0F-2DF8-4EC8-BBC2-A1017A2B5525}.Release|Any CPU.Build.0 = Release|Any CPU
	EndGlobalSection
	GlobalSection(SolutionProperties) = preSolution
		HideSolutionNode = FALSE
	EndGlobalSection
	GlobalSection(NestedProjects) = preSolution
		{7AC615B5-5C77-4FB9-81FC-B87C1DD144CB} = {C8371C65-B3CA-4654-B064-AF37FD180B64}
		{242382B5-E38E-43A6-8F0D-2202A186AD04} = {C8371C65-B3CA-4654-B064-AF37FD180B64}
		{5704EDD5-755B-4A5C-B4C6-88CBD8DA8026} = {C8371C65-B3CA-4654-B064-AF37FD180B64}
		{6E9F6E90-75F2-4A23-8DFF-98F6882EEFA5} = {C8371C65-B3CA-4654-B064-AF37FD180B64}
		{717A3770-A393-4D68-842E-04AEF57F744B} = {C8371C65-B3CA-4654-B064-AF37FD180B64}
		{D18DB1C0-8E21-4235-BB1C-AF65940DDD70} = {C8371C65-B3CA-4654-B064-AF37FD180B64}
		{B23F6AA1-3648-48F0-9492-376A01CBDCA6} = {C8371C65-B3CA-4654-B064-AF37FD180B64}
	EndGlobalSection
	GlobalSection(ExtensibilityGlobals) = postSolution
		SolutionGuid = {F41F494E-ECD7-44BF-91E6-AA9BE2936B33}
	EndGlobalSection
EndGlobal
